
Microsoft Visual Studio Solution File, Format Version 12.00
# Visual Studio Version 17
VisualStudioVersion = 17.5.33530.505
MinimumVisualStudioVersion = 10.0.40219.1
Project("{FAE04EC0-301F-11D3-BF4B-00C04F79EFBC}") = "Portafolio", "Portafolio\Portafolio.csproj", "{1EA3C717-0E92-44A3-A756-2A3B69C49853}"
EndProject
Global
	GlobalSection(SolutionConfigurationPlatforms) = preSolution
		Debug|Any CPU = Debug|Any CPU
		Release|Any CPU = Release|Any CPU
	EndGlobalSection
	GlobalSection(ProjectConfigurationPlatforms) = postSolution
		{1EA3C717-0E92-44A3-A756-2A3B69C49853}.Debug|Any CPU.ActiveCfg = Debug|Any CPU
		{1EA3C717-0E92-44A3-A756-2A3B69C49853}.Debug|Any CPU.Build.0 = Debug|Any CPU
		{1EA3C717-0E92-44A3-A756-2A3B69C49853}.Release|Any CPU.ActiveCfg = Release|Any CPU
		{1EA3C717-0E92-44A3-A756-2A3B69C49853}.Release|Any CPU.Build.0 = Release|Any CPU
	EndGlobalSection
	GlobalSection(SolutionProperties) = preSolution
		HideSolutionNode = FALSE
	EndGlobalSection
	GlobalSection(ExtensibilityGlobals) = postSolution
		SolutionGuid = {AA3EB18C-43E5-4EA0-8EDA-ED9FF0C80DFA}
	EndGlobalSection
EndGlobal
